
Microsoft Visual Studio Solution File, Format Version 12.00
# Visual Studio Version 16
VisualStudioVersion = 16.0.29613.14
MinimumVisualStudioVersion = 10.0.40219.1
Project("{FAE04EC0-301F-11D3-BF4B-00C04F79EFBC}") = "Project 1.3", "Project 1.3\Project 1.3.csproj", "{EC928951-8394-447D-8680-C5C1DECB5EA1}"
EndProject
Global
	GlobalSection(SolutionConfigurationPlatforms) = preSolution
		Debug|Any CPU = Debug|Any CPU
		Release|Any CPU = Release|Any CPU
	EndGlobalSection
	GlobalSection(ProjectConfigurationPlatforms) = postSolution
		{EC928951-8394-447D-8680-C5C1DECB5EA1}.Debug|Any CPU.ActiveCfg = Debug|Any CPU
		{EC928951-8394-447D-8680-C5C1DECB5EA1}.Debug|Any CPU.Build.0 = Debug|Any CPU
		{EC928951-8394-447D-8680-C5C1DECB5EA1}.Release|Any CPU.ActiveCfg = Release|Any CPU
		{EC928951-8394-447D-8680-C5C1DECB5EA1}.Release|Any CPU.Build.0 = Release|Any CPU
	EndGlobalSection
	GlobalSection(SolutionProperties) = preSolution
		HideSolutionNode = FALSE
	EndGlobalSection
	GlobalSection(ExtensibilityGlobals) = postSolution
		SolutionGuid = {FC7AECDD-0BE7-4759-B898-AE1A524C7441}
	EndGlobalSection
EndGlobal
